
Microsoft Visual Studio Solution File, Format Version 12.00
# Visual Studio 15
VisualStudioVersion = 15.0.26228.4
MinimumVisualStudioVersion = 10.0.40219.1
Project("{FAE04EC0-301F-11D3-BF4B-00C04F79EFBC}") = "Assignment2-Section1", "Assignment2-Section1.csproj", "{20639F5C-0316-4C6E-9376-8D441269DD4E}"
EndProject
Project("{FAE04EC0-301F-11D3-BF4B-00C04F79EFBC}") = "EmployeeHost", "EmployeeHost\EmployeeHost.csproj", "{0D65AEFC-0CC0-4D9C-9498-E1A1E0F2FD6E}"
EndProject
Global
	GlobalSection(SolutionConfigurationPlatforms) = preSolution
		Debug|Any CPU = Debug|Any CPU
		Release|Any CPU = Release|Any CPU
	EndGlobalSection
	GlobalSection(ProjectConfigurationPlatforms) = postSolution
		{20639F5C-0316-4C6E-9376-8D441269DD4E}.Debug|Any CPU.ActiveCfg = Debug|Any CPU
		{20639F5C-0316-4C6E-9376-8D441269DD4E}.Debug|Any CPU.Build.0 = Debug|Any CPU
		{20639F5C-0316-4C6E-9376-8D441269DD4E}.Release|Any CPU.ActiveCfg = Release|Any CPU
		{20639F5C-0316-4C6E-9376-8D441269DD4E}.Release|Any CPU.Build.0 = Release|Any CPU
		{0D65AEFC-0CC0-4D9C-9498-E1A1E0F2FD6E}.Debug|Any CPU.ActiveCfg = Debug|Any CPU
		{0D65AEFC-0CC0-4D9C-9498-E1A1E0F2FD6E}.Debug|Any CPU.Build.0 = Debug|Any CPU
		{0D65AEFC-0CC0-4D9C-9498-E1A1E0F2FD6E}.Release|Any CPU.ActiveCfg = Release|Any CPU
		{0D65AEFC-0CC0-4D9C-9498-E1A1E0F2FD6E}.Release|Any CPU.Build.0 = Release|Any CPU
	EndGlobalSection
	GlobalSection(SolutionProperties) = preSolution
		HideSolutionNode = FALSE
	EndGlobalSection
EndGlobal
